# THIS IS AN AUTOGENERATED FILE. DO NOT EDIT THIS FILE DIRECTLY.
# yarn lockfile v1


"@emotion/is-prop-valid@^0.8.2":
  "integrity" "sha512-u5WtneEAr5IDG2Wv65yhunPSMLIpuKsbuOktRojfrEiEvRyC85LgPMZI63cr7NUqT8ZIGdSVg8ZKGxIug4lXcA=="
  "resolved" "https://registry.npmjs.org/@emotion/is-prop-valid/-/is-prop-valid-0.8.8.tgz"
  "version" "0.8.8"
  dependencies:
    "@emotion/memoize" "0.7.4"

"@emotion/memoize@0.7.4":
  "integrity" "sha512-Ja/Vfqe3HpuzRsG1oBtWTHk2PGZ7GR+2Vz5iYGelAw8dx32K0y7PjVuxK6z1nMpZOqAFsRUPCkK1YjJ56qJlgw=="
  "resolved" "https://registry.npmjs.org/@emotion/memoize/-/memoize-0.7.4.tgz"
  "version" "0.7.4"

"framer-motion@^11.0.6":
  "integrity" "sha512-BpO3mWF8UwxzO3Ca5AmSkrg14QYTeJa9vKgoLOoBdBdTPj0e81i1dMwnX6EQJXRieUx20uiDBXq8bA6y7N6b8Q=="
  "resolved" "https://registry.npmjs.org/framer-motion/-/framer-motion-11.0.6.tgz"
  "version" "11.0.6"
  dependencies:
    "tslib" "^2.4.0"
  optionalDependencies:
    "@emotion/is-prop-valid" "^0.8.2"

"js-tokens@^3.0.0 || ^4.0.0":
  "integrity" "sha512-RdJUflcE3cUzKiMqQgsCu06FPu9UdIJO0beYbPhHN4k6apgJtifcoCtT9bcxOpYBtpD2kCM6Sbzg4CausW/PKQ=="
  "resolved" "https://registry.npmjs.org/js-tokens/-/js-tokens-4.0.0.tgz"
  "version" "4.0.0"

"loose-envify@^1.1.0":
  "integrity" "sha512-lyuxPGr/Wfhrlem2CL/UcnUc1zcqKAImBDzukY7Y5F/yQiNdko6+fRLevlw1HgMySw7f611UIY408EtxRSoK3Q=="
  "resolved" "https://registry.npmjs.org/loose-envify/-/loose-envify-1.4.0.tgz"
  "version" "1.4.0"
  dependencies:
    "js-tokens" "^3.0.0 || ^4.0.0"

"react-icons@^5.0.1":
  "integrity" "sha512-WqLZJ4bLzlhmsvme6iFdgO8gfZP17rfjYEJ2m9RsZjZ+cc4k1hTzknEz63YS1MeT50kVzoa1Nz36f4BEx+Wigw=="
  "resolved" "https://registry.npmjs.org/react-icons/-/react-icons-5.0.1.tgz"
  "version" "5.0.1"

"react@*", "react@^18.0.0":
  "integrity" "sha512-/3IjMdb2L9QbBdWiW5e3P2/npwMBaU9mHCSCUzNln0ZCYbcfTsGbTJrU/kGemdH2IWmB2ioZ+zkxtmq6g09fGQ=="
  "resolved" "https://registry.npmjs.org/react/-/react-18.2.0.tgz"
  "version" "18.2.0"
  dependencies:
    "loose-envify" "^1.1.0"

"swiper@^11.0.7":
  "integrity" "sha512-cDfglW1B6uSmB6eB6pNmzDTNLmZtu5bWWa1vak0RU7fOI9qHjMzl7gVBvYSl34b0RU2N11HxxETJqQ5LeqI1cA=="
  "resolved" "https://registry.npmjs.org/swiper/-/swiper-11.0.7.tgz"
  "version" "11.0.7"

"tslib@^2.4.0":
  "integrity" "sha512-AEYxH93jGFPn/a2iVAwW87VuUIkR1FVUKB77NwMF7nBTDkDrrT/Hpt/IrCJ0QXhW27jTBDcf5ZY7w6RiqTMw2Q=="
  "resolved" "https://registry.npmjs.org/tslib/-/tslib-2.6.2.tgz"
  "version" "2.6.2"
